// !$*UTF8*$!
{
	archiveVersion = 1;
	classes = {
	};
	objectVersion = 46;
	objects = {

/* Begin PBXBuildFile section */
		D327A791198FDA6600A50E35 /* main.swift in Sources */ = {isa = PBXBuildFile; fileRef = D327A790198FDA6600A50E35 /* main.swift */; };
		D327A793198FDA6600A50E35 /* AppDelegate.swift in Sources */ = {isa = PBXBuildFile; fileRef = D327A792198FDA6600A50E35 /* AppDelegate.swift */; };
		D327A795198FDA6600A50E35 /* Images.xcassets in Resources */ = {isa = PBXBuildFile; fileRef = D327A794198FDA6600A50E35 /* Images.xcassets */; };
		D327A798198FDA6600A50E35 /* MainMenu.xib in Resources */ = {isa = PBXBuildFile; fileRef = D327A796198FDA6600A50E35 /* MainMenu.xib */; };
		D327A7A4198FDA6600A50E35 /* SwiftPackTests.swift in Sources */ = {isa = PBXBuildFile; fileRef = D327A7A3198FDA6600A50E35 /* SwiftPackTests.swift */; };
		D327A7AF198FDB8000A50E35 /* Packer.swift in Sources */ = {isa = PBXBuildFile; fileRef = D327A7AD198FDB8000A50E35 /* Packer.swift */; };
		D327A7B0198FDB8000A50E35 /* Unpacker.swift in Sources */ = {isa = PBXBuildFile; fileRef = D327A7AE198FDB8000A50E35 /* Unpacker.swift */; };
/* End PBXBuildFile section */

/* Begin PBXContainerItemProxy section */
		D327A79E198FDA6600A50E35 /* PBXContainerItemProxy */ = {
			isa = PBXContainerItemProxy;
			containerPortal = D327A783198FDA6600A50E35 /* Project object */;
			proxyType = 1;
			remoteGlobalIDString = D327A78A198FDA6600A50E35;
			remoteInfo = SwiftPack;
		};
/* End PBXContainerItemProxy section */

/* Begin PBXFileReference section */
		D327A78B198FDA6600A50E35 /* SwiftPack.app */ = {isa = PBXFileReference; explicitFileType = wrapper.application; includeInIndex = 0; path = SwiftPack.app; sourceTree = BUILT_PRODUCTS_DIR; };
		D327A78F198FDA6600A50E35 /* Info.plist */ = {isa = PBXFileReference; lastKnownFileType = text.plist.xml; path = Info.plist; sourceTree = "<group>"; };
		D327A790198FDA6600A50E35 /* main.swift */ = {isa = PBXFileReference; lastKnownFileType = sourcecode.swift; path = main.swift; sourceTree = "<group>"; };
		D327A792198FDA6600A50E35 /* AppDelegate.swift */ = {isa = PBXFileReference; lastKnownFileType = sourcecode.swift; path = AppDelegate.swift; sourceTree = "<group>"; };
		D327A794198FDA6600A50E35 /* Images.xcassets */ = {isa = PBXFileReference; lastKnownFileType = folder.assetcatalog; path = Images.xcassets; sourceTree = "<group>"; };
		D327A797198FDA6600A50E35 /* Base */ = {isa = PBXFileReference; lastKnownFileType = file.xib; name = Base; path = Base.lproj/MainMenu.xib; sourceTree = "<group>"; };
		D327A79D198FDA6600A50E35 /* SwiftPackTests.xctest */ = {isa = PBXFileReference; explicitFileType = wrapper.cfbundle; includeInIndex = 0; path = SwiftPackTests.xctest; sourceTree = BUILT_PRODUCTS_DIR; };
		D327A7A2198FDA6600A50E35 /* Info.plist */ = {isa = PBXFileReference; lastKnownFileType = text.plist.xml; path = Info.plist; sourceTree = "<group>"; };
		D327A7A3198FDA6600A50E35 /* SwiftPackTests.swift */ = {isa = PBXFileReference; lastKnownFileType = sourcecode.swift; path = SwiftPackTests.swift; sourceTree = "<group>"; };
		D327A7AD198FDB8000A50E35 /* Packer.swift */ = {isa = PBXFileReference; fileEncoding = 4; lastKnownFileType = sourcecode.swift; path = Packer.swift; sourceTree = "<group>"; };
		D327A7AE198FDB8000A50E35 /* Unpacker.swift */ = {isa = PBXFileReference; fileEncoding = 4; lastKnownFileType = sourcecode.swift; path = Unpacker.swift; sourceTree = "<group>"; };
/* End PBXFileReference section */

/* Begin PBXFrameworksBuildPhase section */
		D327A788198FDA6600A50E35 /* Frameworks */ = {
			isa = PBXFrameworksBuildPhase;
			buildActionMask = 2147483647;
			files = (
			);
			runOnlyForDeploymentPostprocessing = 0;
		};
		D327A79A198FDA6600A50E35 /* Frameworks */ = {
			isa = PBXFrameworksBuildPhase;
			buildActionMask = 2147483647;
			files = (
			);
			runOnlyForDeploymentPostprocessing = 0;
		};
/* End PBXFrameworksBuildPhase section */

/* Begin PBXGroup section */
		D327A782198FDA6600A50E35 = {
			isa = PBXGroup;
			children = (
				D327A78D198FDA6600A50E35 /* SwiftPack */,
				D327A7A0198FDA6600A50E35 /* SwiftPackTests */,
				D327A78C198FDA6600A50E35 /* Products */,
			);
			sourceTree = "<group>";
		};
		D327A78C198FDA6600A50E35 /* Products */ = {
			isa = PBXGroup;
			children = (
				D327A78B198FDA6600A50E35 /* SwiftPack.app */,
				D327A79D198FDA6600A50E35 /* SwiftPackTests.xctest */,
			);
			name = Products;
			sourceTree = "<group>";
		};
		D327A78D198FDA6600A50E35 /* SwiftPack */ = {
			isa = PBXGroup;
			children = (
				D327A792198FDA6600A50E35 /* AppDelegate.swift */,
				D327A7AD198FDB8000A50E35 /* Packer.swift */,
				D327A7AE198FDB8000A50E35 /* Unpacker.swift */,
				D327A794198FDA6600A50E35 /* Images.xcassets */,
				D327A796198FDA6600A50E35 /* MainMenu.xib */,
				D327A78E198FDA6600A50E35 /* Supporting Files */,
			);
			path = SwiftPack;
			sourceTree = "<group>";
		};
		D327A78E198FDA6600A50E35 /* Supporting Files */ = {
			isa = PBXGroup;
			children = (
				D327A78F198FDA6600A50E35 /* Info.plist */,
				D327A790198FDA6600A50E35 /* main.swift */,
			);
			name = "Supporting Files";
			sourceTree = "<group>";
		};
		D327A7A0198FDA6600A50E35 /* SwiftPackTests */ = {
			isa = PBXGroup;
			children = (
				D327A7A3198FDA6600A50E35 /* SwiftPackTests.swift */,
				D327A7A1198FDA6600A50E35 /* Supporting Files */,
			);
			path = SwiftPackTests;
			sourceTree = "<group>";
		};
		D327A7A1198FDA6600A50E35 /* Supporting Files */ = {
			isa = PBXGroup;
			children = (
				D327A7A2198FDA6600A50E35 /* Info.plist */,
			);
			name = "Supporting Files";
			sourceTree = "<group>";
		};
/* End PBXGroup section */

/* Begin PBXNativeTarget section */
		D327A78A198FDA6600A50E35 /* SwiftPack */ = {
			isa = PBXNativeTarget;
			buildConfigurationList = D327A7A7198FDA6600A50E35 /* Build configuration list for PBXNativeTarget "SwiftPack" */;
			buildPhases = (
				D327A787198FDA6600A50E35 /* Sources */,
				D327A788198FDA6600A50E35 /* Frameworks */,
				D327A789198FDA6600A50E35 /* Resources */,
			);
			buildRules = (
			);
			dependencies = (
			);
			name = SwiftPack;
			productName = SwiftPack;
			productReference = D327A78B198FDA6600A50E35 /* SwiftPack.app */;
			productType = "com.apple.product-type.application";
		};
		D327A79C198FDA6600A50E35 /* SwiftPackTests */ = {
			isa = PBXNativeTarget;
			buildConfigurationList = D327A7AA198FDA6600A50E35 /* Build configuration list for PBXNativeTarget "SwiftPackTests" */;
			buildPhases = (
				D327A799198FDA6600A50E35 /* Sources */,
				D327A79A198FDA6600A50E35 /* Frameworks */,
				D327A79B198FDA6600A50E35 /* Resources */,
			);
			buildRules = (
			);
			dependencies = (
				D327A79F198FDA6600A50E35 /* PBXTargetDependency */,
			);
			name = SwiftPackTests;
			productName = SwiftPackTests;
			productReference = D327A79D198FDA6600A50E35 /* SwiftPackTests.xctest */;
			productType = "com.apple.product-type.bundle.unit-test";
		};
/* End PBXNativeTarget section */

/* Begin PBXProject section */
		D327A783198FDA6600A50E35 /* Project object */ = {
			isa = PBXProject;
			attributes = {
				LastUpgradeCheck = 0600;
				ORGANIZATIONNAME = RantLab;
				TargetAttributes = {
					D327A78A198FDA6600A50E35 = {
						CreatedOnToolsVersion = 6.0;
					};
					D327A79C198FDA6600A50E35 = {
						CreatedOnToolsVersion = 6.0;
						TestTargetID = D327A78A198FDA6600A50E35;
					};
				};
			};
			buildConfigurationList = D327A786198FDA6600A50E35 /* Build configuration list for PBXProject "SwiftPack" */;
			compatibilityVersion = "Xcode 3.2";
			developmentRegion = English;
			hasScannedForEncodings = 0;
			knownRegions = (
				en,
				Base,
			);
			mainGroup = D327A782198FDA6600A50E35;
			productRefGroup = D327A78C198FDA6600A50E35 /* Products */;
			projectDirPath = "";
			projectRoot = "";
			targets = (
				D327A78A198FDA6600A50E35 /* SwiftPack */,
				D327A79C198FDA6600A50E35 /* SwiftPackTests */,
			);
		};
/* End PBXProject section */

/* Begin PBXResourcesBuildPhase section */
		D327A789198FDA6600A50E35 /* Resources */ = {
			isa = PBXResourcesBuildPhase;
			buildActionMask = 2147483647;
			files = (
				D327A795198FDA6600A50E35 /* Images.xcassets in Resources */,
				D327A798198FDA6600A50E35 /* MainMenu.xib in Resources */,
			);
			runOnlyForDeploymentPostprocessing = 0;
		};
		D327A79B198FDA6600A50E35 /* Resources */ = {
			isa = PBXResourcesBuildPhase;
			buildActionMask = 2147483647;
			files = (
			);
			runOnlyForDeploymentPostprocessing = 0;
		};
/* End PBXResourcesBuildPhase section */

/* Begin PBXSourcesBuildPhase section */
		D327A787198FDA6600A50E35 /* Sources */ = {
			isa = PBXSourcesBuildPhase;
			buildActionMask = 2147483647;
			files = (
				D327A7AF198FDB8000A50E35 /* Packer.swift in Sources */,
				D327A793198FDA6600A50E35 /* AppDelegate.swift in Sources */,
				D327A7B0198FDB8000A50E35 /* Unpacker.swift in Sources */,
				D327A791198FDA6600A50E35 /* main.swift in Sources */,
			);
			runOnlyForDeploymentPostprocessing = 0;
		};
		D327A799198FDA6600A50E35 /* Sources */ = {
			isa = PBXSourcesBuildPhase;
			buildActionMask = 2147483647;
			files = (
				D327A7A4198FDA6600A50E35 /* SwiftPackTests.swift in Sources */,
			);
			runOnlyForDeploymentPostprocessing = 0;
		};
/* End PBXSourcesBuildPhase section */

/* Begin PBXTargetDependency section */
		D327A79F198FDA6600A50E35 /* PBXTargetDependency */ = {
			isa = PBXTargetDependency;
			target = D327A78A198FDA6600A50E35 /* SwiftPack */;
			targetProxy = D327A79E198FDA6600A50E35 /* PBXContainerItemProxy */;
		};
/* End PBXTargetDependency section */

/* Begin PBXVariantGroup section */
		D327A796198FDA6600A50E35 /* MainMenu.xib */ = {
			isa = PBXVariantGroup;
			children = (
				D327A797198FDA6600A50E35 /* Base */,
			);
			name = MainMenu.xib;
			sourceTree = "<group>";
		};
/* End PBXVariantGroup section */

/* Begin XCBuildConfiguration section */
		D327A7A5198FDA6600A50E35 /* Debug */ = {
			isa = XCBuildConfiguration;
			buildSettings = {
				ALWAYS_SEARCH_USER_PATHS = NO;
				CLANG_CXX_LANGUAGE_STANDARD = "gnu++0x";
				CLANG_CXX_LIBRARY = "libc++";
				CLANG_ENABLE_MODULES = YES;
				CLANG_ENABLE_OBJC_ARC = YES;
				CLANG_WARN_BOOL_CONVERSION = YES;
				CLANG_WARN_CONSTANT_CONVERSION = YES;
				CLANG_WARN_DIRECT_OBJC_ISA_USAGE = YES_ERROR;
				CLANG_WARN_EMPTY_BODY = YES;
				CLANG_WARN_ENUM_CONVERSION = YES;
				CLANG_WARN_INT_CONVERSION = YES;
				CLANG_WARN_OBJC_ROOT_CLASS = YES_ERROR;
				CLANG_WARN_UNREACHABLE_CODE = YES;
				CLANG_WARN__DUPLICATE_METHOD_MATCH = YES;
				CODE_SIGN_IDENTITY = "-";
				COPY_PHASE_STRIP = NO;
				ENABLE_STRICT_OBJC_MSGSEND = YES;
				GCC_C_LANGUAGE_STANDARD = gnu99;
				GCC_DYNAMIC_NO_PIC = NO;
				GCC_OPTIMIZATION_LEVEL = 0;
				GCC_PREPROCESSOR_DEFINITIONS = (
					"DEBUG=1",
					"$(inherited)",
				);
				GCC_SYMBOLS_PRIVATE_EXTERN = NO;
				GCC_WARN_64_TO_32_BIT_CONVERSION = YES;
				GCC_WARN_ABOUT_RETURN_TYPE = YES_ERROR;
				GCC_WARN_UNDECLARED_SELECTOR = YES;
				GCC_WARN_UNINITIALIZED_AUTOS = YES_AGGRESSIVE;
				GCC_WARN_UNUSED_FUNCTION = YES;
				GCC_WARN_UNUSED_VARIABLE = YES;
				MACOSX_DEPLOYMENT_TARGET = 10.9;
				MTL_ENABLE_DEBUG_INFO = YES;
				ONLY_ACTIVE_ARCH = YES;
				SDKROOT = macosx;
				SWIFT_OPTIMIZATION_LEVEL = "-Onone";
			};
			name = Debug;
		};
		D327A7A6198FDA6600A50E35 /* Release */ = {
			isa = XCBuildConfiguration;
			buildSettings = {
				ALWAYS_SEARCH_USER_PATHS = NO;
				CLANG_CXX_LANGUAGE_STANDARD = "gnu++0x";
				CLANG_CXX_LIBRARY = "libc++";
				CLANG_ENABLE_MODULES = YES;
				CLANG_ENABLE_OBJC_ARC = YES;
				CLANG_WARN_BOOL_CONVERSION = YES;
				CLANG_WARN_CONSTANT_CONVERSION = YES;
				CLANG_WARN_DIRECT_OBJC_ISA_USAGE = YES_ERROR;
				CLANG_WARN_EMPTY_BODY = YES;
				CLANG_WARN_ENUM_CONVERSION = YES;
				CLANG_WARN_INT_CONVERSION = YES;
				CLANG_WARN_OBJC_ROOT_CLASS = YES_ERROR;
				CLANG_WARN_UNREACHABLE_CODE = YES;
				CLANG_WARN__DUPLICATE_METHOD_MATCH = YES;
				CODE_SIGN_IDENTITY = "-";
				COPY_PHASE_STRIP = YES;
				DEBUG_INFORMATION_FORMAT = "dwarf-with-dsym";
				ENABLE_NS_ASSERTIONS = NO;
				ENABLE_STRICT_OBJC_MSGSEND = YES;
				GCC_C_LANGUAGE_STANDARD = gnu99;
				GCC_WARN_64_TO_32_BIT_CONVERSION = YES;
				GCC_WARN_ABOUT_RETURN_TYPE = YES_ERROR;
				GCC_WARN_UNDECLARED_SELECTOR = YES;
				GCC_WARN_UNINITIALIZED_AUTOS = YES_AGGRESSIVE;
				GCC_WARN_UNUSED_FUNCTION = YES;
				GCC_WARN_UNUSED_VARIABLE = YES;
				MACOSX_DEPLOYMENT_TARGET = 10.9;
				MTL_ENABLE_DEBUG_INFO = NO;
				SDKROOT = macosx;
			};
			name = Release;
		};
		D327A7A8198FDA6600A50E35 /* Debug */ = {
			isa = XCBuildConfiguration;
			buildSettings = {
				ASSETCATALOG_COMPILER_APPICON_NAME = AppIcon;
				COMBINE_HIDPI_IMAGES = YES;
				INFOPLIST_FILE = SwiftPack/Info.plist;
				LD_RUNPATH_SEARCH_PATHS = "$(inherited) @executable_path/../Frameworks";
				PRODUCT_NAME = "$(TARGET_NAME)";
			};
			name = Debug;
		};
		D327A7A9198FDA6600A50E35 /* Release */ = {
			isa = XCBuildConfiguration;
			buildSettings = {
				ASSETCATALOG_COMPILER_APPICON_NAME = AppIcon;
				COMBINE_HIDPI_IMAGES = YES;
				INFOPLIST_FILE = SwiftPack/Info.plist;
				LD_RUNPATH_SEARCH_PATHS = "$(inherited) @executable_path/../Frameworks";
				PRODUCT_NAME = "$(TARGET_NAME)";
			};
			name = Release;
		};
		D327A7AB198FDA6600A50E35 /* Debug */ = {
			isa = XCBuildConfiguration;
			buildSettings = {
				BUNDLE_LOADER = "$(BUILT_PRODUCTS_DIR)/SwiftPack.app/Contents/MacOS/SwiftPack";
				COMBINE_HIDPI_IMAGES = YES;
				FRAMEWORK_SEARCH_PATHS = (
					"$(DEVELOPER_FRAMEWORKS_DIR)",
					"$(inherited)",
				);
				GCC_PREPROCESSOR_DEFINITIONS = (
					"DEBUG=1",
					"$(inherited)",
				);
				INFOPLIST_FILE = SwiftPackTests/Info.plist;
				LD_RUNPATH_SEARCH_PATHS = "$(inherited) @executable_path/../Frameworks @loader_path/../Frameworks";
				PRODUCT_NAME = "$(TARGET_NAME)";
				TEST_HOST = "$(BUNDLE_LOADER)";
			};
			name = Debug;
		};
		D327A7AC198FDA6600A50E35 /* Release */ = {
			isa = XCBuildConfiguration;
			buildSettings = {
				BUNDLE_LOADER = "$(BUILT_PRODUCTS_DIR)/SwiftPack.app/Contents/MacOS/SwiftPack";
				COMBINE_HIDPI_IMAGES = YES;
				FRAMEWORK_SEARCH_PATHS = (
					"$(DEVELOPER_FRAMEWORKS_DIR)",
					"$(inherited)",
				);
				INFOPLIST_FILE = SwiftPackTests/Info.plist;
				LD_RUNPATH_SEARCH_PATHS = "$(inherited) @executable_path/../Frameworks @loader_path/../Frameworks";
				PRODUCT_NAME = "$(TARGET_NAME)";
				TEST_HOST = "$(BUNDLE_LOADER)";
			};
			name = Release;
		};
/* End XCBuildConfiguration section */

/* Begin XCConfigurationList section */
		D327A786198FDA6600A50E35 /* Build configuration list for PBXProject "SwiftPack" */ = {
			isa = XCConfigurationList;
			buildConfigurations = (
				D327A7A5198FDA6600A50E35 /* Debug */,
				D327A7A6198FDA6600A50E35 /* Release */,
			);
			defaultConfigurationIsVisible = 0;
			defaultConfigurationName = Release;
		};
		D327A7A7198FDA6600A50E35 /* Build configuration list for PBXNativeTarget "SwiftPack" */ = {
			isa = XCConfigurationList;
			buildConfigurations = (
				D327A7A8198FDA6600A50E35 /* Debug */,
				D327A7A9198FDA6600A50E35 /* Release */,
			);
			defaultConfigurationIsVisible = 0;
			defaultConfigurationName = Release;
		};
		D327A7AA198FDA6600A50E35 /* Build configuration list for PBXNativeTarget "SwiftPackTests" */ = {
			isa = XCConfigurationList;
			buildConfigurations = (
				D327A7AB198FDA6600A50E35 /* Debug */,
				D327A7AC198FDA6600A50E35 /* Release */,
			);
			defaultConfigurationIsVisible = 0;
			defaultConfigurationName = Release;
		};
/* End XCConfigurationList section */
	};
	rootObject = D327A783198FDA6600A50E35 /* Project object */;
}
