// !$*UTF8*$!
{
	archiveVersion = 1;
	classes = {
	};
	objectVersion = 46;
	objects = {

/* Begin PBXBuildFile section */
		D365F97B19BD22B600160701 /* main.swift in Sources */ = {isa = PBXBuildFile; fileRef = D365F97A19BD22B600160701 /* main.swift */; };
		D365F97D19BD22B600160701 /* AppDelegate.swift in Sources */ = {isa = PBXBuildFile; fileRef = D365F97C19BD22B600160701 /* AppDelegate.swift */; };
		D365F97F19BD22B600160701 /* Images.xcassets in Resources */ = {isa = PBXBuildFile; fileRef = D365F97E19BD22B600160701 /* Images.xcassets */; };
		D365F98219BD22B600160701 /* MainMenu.xib in Resources */ = {isa = PBXBuildFile; fileRef = D365F98019BD22B600160701 /* MainMenu.xib */; };
		D365F9A519BD268500160701 /* SwiftPack.h in Headers */ = {isa = PBXBuildFile; fileRef = D365F9A419BD268500160701 /* SwiftPack.h */; settings = {ATTRIBUTES = (Public, ); }; };
		D365F9B419BD268500160701 /* SwiftPack.framework in Frameworks */ = {isa = PBXBuildFile; fileRef = D365F9A019BD268500160701 /* SwiftPack.framework */; };
		D365F9B519BD268500160701 /* SwiftPack.framework in Embed Frameworks */ = {isa = PBXBuildFile; fileRef = D365F9A019BD268500160701 /* SwiftPack.framework */; settings = {ATTRIBUTES = (CodeSignOnCopy, RemoveHeadersOnCopy, ); }; };
		D365F9BF19BD269F00160701 /* Packer.swift in Sources */ = {isa = PBXBuildFile; fileRef = D365F99719BD233100160701 /* Packer.swift */; };
		D365F9C019BD26A500160701 /* Unpacker.swift in Sources */ = {isa = PBXBuildFile; fileRef = D365F99819BD233100160701 /* Unpacker.swift */; };
		D365F9C119BD2C7C00160701 /* Packer.swift in Sources */ = {isa = PBXBuildFile; fileRef = D365F99719BD233100160701 /* Packer.swift */; };
		D365F9C319BD2C8300160701 /* Unpacker.swift in Sources */ = {isa = PBXBuildFile; fileRef = D365F99819BD233100160701 /* Unpacker.swift */; };
		D37D778419BD2D6C0066F982 /* SwiftPackTests.swift in Sources */ = {isa = PBXBuildFile; fileRef = D37D778319BD2D6C0066F982 /* SwiftPackTests.swift */; };
		D37D778819BD694F0066F982 /* Packer.swift in Sources */ = {isa = PBXBuildFile; fileRef = D365F99719BD233100160701 /* Packer.swift */; };
		D37D778919BD69FC0066F982 /* Unpacker.swift in Sources */ = {isa = PBXBuildFile; fileRef = D365F99819BD233100160701 /* Unpacker.swift */; };
/* End PBXBuildFile section */

/* Begin PBXContainerItemProxy section */
		D329D1681A19ABAF006BB33D /* PBXContainerItemProxy */ = {
			isa = PBXContainerItemProxy;
			containerPortal = D365F96D19BD22B600160701 /* Project object */;
			proxyType = 1;
			remoteGlobalIDString = D365F97419BD22B600160701;
			remoteInfo = UnPacker;
		};
		D365F9B219BD268500160701 /* PBXContainerItemProxy */ = {
			isa = PBXContainerItemProxy;
			containerPortal = D365F96D19BD22B600160701 /* Project object */;
			proxyType = 1;
			remoteGlobalIDString = D365F99F19BD268500160701;
			remoteInfo = SwiftPack;
		};
		D365F9B619BD268500160701 /* PBXContainerItemProxy */ = {
			isa = PBXContainerItemProxy;
			containerPortal = D365F96D19BD22B600160701 /* Project object */;
			proxyType = 1;
			remoteGlobalIDString = D365F99F19BD268500160701;
			remoteInfo = SwiftPack;
		};
/* End PBXContainerItemProxy section */

/* Begin PBXCopyFilesBuildPhase section */
		D365F9BB19BD268500160701 /* Embed Frameworks */ = {
			isa = PBXCopyFilesBuildPhase;
			buildActionMask = 2147483647;
			dstPath = "";
			dstSubfolderSpec = 10;
			files = (
				D365F9B519BD268500160701 /* SwiftPack.framework in Embed Frameworks */,
			);
			name = "Embed Frameworks";
			runOnlyForDeploymentPostprocessing = 0;
		};
/* End PBXCopyFilesBuildPhase section */

/* Begin PBXFileReference section */
		D365F97519BD22B600160701 /* UnPacker.app */ = {isa = PBXFileReference; explicitFileType = wrapper.application; includeInIndex = 0; path = UnPacker.app; sourceTree = BUILT_PRODUCTS_DIR; };
		D365F97919BD22B600160701 /* Info.plist */ = {isa = PBXFileReference; lastKnownFileType = text.plist.xml; path = Info.plist; sourceTree = "<group>"; };
		D365F97A19BD22B600160701 /* main.swift */ = {isa = PBXFileReference; lastKnownFileType = sourcecode.swift; path = main.swift; sourceTree = "<group>"; };
		D365F97C19BD22B600160701 /* AppDelegate.swift */ = {isa = PBXFileReference; lastKnownFileType = sourcecode.swift; path = AppDelegate.swift; sourceTree = "<group>"; };
		D365F97E19BD22B600160701 /* Images.xcassets */ = {isa = PBXFileReference; lastKnownFileType = folder.assetcatalog; path = Images.xcassets; sourceTree = "<group>"; };
		D365F98119BD22B600160701 /* Base */ = {isa = PBXFileReference; lastKnownFileType = file.xib; name = Base; path = Base.lproj/MainMenu.xib; sourceTree = "<group>"; };
		D365F99719BD233100160701 /* Packer.swift */ = {isa = PBXFileReference; fileEncoding = 4; lastKnownFileType = sourcecode.swift; path = Packer.swift; sourceTree = "<group>"; };
		D365F99819BD233100160701 /* Unpacker.swift */ = {isa = PBXFileReference; fileEncoding = 4; lastKnownFileType = sourcecode.swift; path = Unpacker.swift; sourceTree = "<group>"; };
		D365F9A019BD268500160701 /* SwiftPack.framework */ = {isa = PBXFileReference; explicitFileType = wrapper.framework; includeInIndex = 0; path = SwiftPack.framework; sourceTree = BUILT_PRODUCTS_DIR; };
		D365F9A319BD268500160701 /* Info.plist */ = {isa = PBXFileReference; lastKnownFileType = text.plist.xml; path = Info.plist; sourceTree = "<group>"; };
		D365F9A419BD268500160701 /* SwiftPack.h */ = {isa = PBXFileReference; lastKnownFileType = sourcecode.c.h; path = SwiftPack.h; sourceTree = "<group>"; };
		D37D777F19BD2D6C0066F982 /* SwiftPackTests.xctest */ = {isa = PBXFileReference; explicitFileType = wrapper.cfbundle; includeInIndex = 0; path = SwiftPackTests.xctest; sourceTree = BUILT_PRODUCTS_DIR; };
		D37D778219BD2D6C0066F982 /* Info.plist */ = {isa = PBXFileReference; lastKnownFileType = text.plist.xml; path = Info.plist; sourceTree = "<group>"; };
		D37D778319BD2D6C0066F982 /* SwiftPackTests.swift */ = {isa = PBXFileReference; lastKnownFileType = sourcecode.swift; path = SwiftPackTests.swift; sourceTree = "<group>"; };
/* End PBXFileReference section */

/* Begin PBXFrameworksBuildPhase section */
		D365F97219BD22B600160701 /* Frameworks */ = {
			isa = PBXFrameworksBuildPhase;
			buildActionMask = 2147483647;
			files = (
				D365F9B419BD268500160701 /* SwiftPack.framework in Frameworks */,
			);
			runOnlyForDeploymentPostprocessing = 0;
		};
		D365F99C19BD268500160701 /* Frameworks */ = {
			isa = PBXFrameworksBuildPhase;
			buildActionMask = 2147483647;
			files = (
			);
			runOnlyForDeploymentPostprocessing = 0;
		};
		D37D777C19BD2D6C0066F982 /* Frameworks */ = {
			isa = PBXFrameworksBuildPhase;
			buildActionMask = 2147483647;
			files = (
			);
			runOnlyForDeploymentPostprocessing = 0;
		};
/* End PBXFrameworksBuildPhase section */

/* Begin PBXGroup section */
		D365F96C19BD22B600160701 = {
			isa = PBXGroup;
			children = (
				D365F9A119BD268500160701 /* SwiftPack */,
				D365F97719BD22B600160701 /* UnPacker */,
				D37D778019BD2D6C0066F982 /* SwiftPackTests */,
				D365F97619BD22B600160701 /* Products */,
			);
			sourceTree = "<group>";
		};
		D365F97619BD22B600160701 /* Products */ = {
			isa = PBXGroup;
			children = (
				D365F97519BD22B600160701 /* UnPacker.app */,
				D365F9A019BD268500160701 /* SwiftPack.framework */,
				D37D777F19BD2D6C0066F982 /* SwiftPackTests.xctest */,
			);
			name = Products;
			sourceTree = "<group>";
		};
		D365F97719BD22B600160701 /* UnPacker */ = {
			isa = PBXGroup;
			children = (
				D365F97C19BD22B600160701 /* AppDelegate.swift */,
				D365F97E19BD22B600160701 /* Images.xcassets */,
				D365F98019BD22B600160701 /* MainMenu.xib */,
				D365F97819BD22B600160701 /* Supporting Files */,
			);
			name = UnPacker;
			path = SwiftPack;
			sourceTree = "<group>";
		};
		D365F97819BD22B600160701 /* Supporting Files */ = {
			isa = PBXGroup;
			children = (
				D365F97919BD22B600160701 /* Info.plist */,
				D365F97A19BD22B600160701 /* main.swift */,
			);
			name = "Supporting Files";
			sourceTree = "<group>";
		};
		D365F9A119BD268500160701 /* SwiftPack */ = {
			isa = PBXGroup;
			children = (
				D365F99719BD233100160701 /* Packer.swift */,
				D365F99819BD233100160701 /* Unpacker.swift */,
				D365F9A419BD268500160701 /* SwiftPack.h */,
				D365F9A219BD268500160701 /* Supporting Files */,
			);
			path = SwiftPack;
			sourceTree = "<group>";
		};
		D365F9A219BD268500160701 /* Supporting Files */ = {
			isa = PBXGroup;
			children = (
				D365F9A319BD268500160701 /* Info.plist */,
			);
			name = "Supporting Files";
			sourceTree = "<group>";
		};
		D37D778019BD2D6C0066F982 /* SwiftPackTests */ = {
			isa = PBXGroup;
			children = (
				D37D778319BD2D6C0066F982 /* SwiftPackTests.swift */,
				D37D778119BD2D6C0066F982 /* Supporting Files */,
			);
			path = SwiftPackTests;
			sourceTree = "<group>";
		};
		D37D778119BD2D6C0066F982 /* Supporting Files */ = {
			isa = PBXGroup;
			children = (
				D37D778219BD2D6C0066F982 /* Info.plist */,
			);
			name = "Supporting Files";
			sourceTree = "<group>";
		};
/* End PBXGroup section */

/* Begin PBXHeadersBuildPhase section */
		D365F99D19BD268500160701 /* Headers */ = {
			isa = PBXHeadersBuildPhase;
			buildActionMask = 2147483647;
			files = (
				D365F9A519BD268500160701 /* SwiftPack.h in Headers */,
			);
			runOnlyForDeploymentPostprocessing = 0;
		};
/* End PBXHeadersBuildPhase section */

/* Begin PBXNativeTarget section */
		D365F97419BD22B600160701 /* UnPacker */ = {
			isa = PBXNativeTarget;
			buildConfigurationList = D365F99119BD22B600160701 /* Build configuration list for PBXNativeTarget "UnPacker" */;
			buildPhases = (
				D365F97119BD22B600160701 /* Sources */,
				D365F97219BD22B600160701 /* Frameworks */,
				D365F97319BD22B600160701 /* Resources */,
				D365F9BB19BD268500160701 /* Embed Frameworks */,
			);
			buildRules = (
			);
			dependencies = (
				D365F9B319BD268500160701 /* PBXTargetDependency */,
				D365F9B719BD268500160701 /* PBXTargetDependency */,
			);
			name = UnPacker;
			productName = SwiftPack;
			productReference = D365F97519BD22B600160701 /* UnPacker.app */;
			productType = "com.apple.product-type.application";
		};
		D365F99F19BD268500160701 /* SwiftPack */ = {
			isa = PBXNativeTarget;
			buildConfigurationList = D365F9B819BD268500160701 /* Build configuration list for PBXNativeTarget "SwiftPack" */;
			buildPhases = (
				D365F99B19BD268500160701 /* Sources */,
				D365F99C19BD268500160701 /* Frameworks */,
				D365F99D19BD268500160701 /* Headers */,
				D365F99E19BD268500160701 /* Resources */,
			);
			buildRules = (
			);
			dependencies = (
			);
			name = SwiftPack;
			productName = SwiftPack;
			productReference = D365F9A019BD268500160701 /* SwiftPack.framework */;
			productType = "com.apple.product-type.framework";
		};
		D37D777E19BD2D6C0066F982 /* SwiftPackTests */ = {
			isa = PBXNativeTarget;
			buildConfigurationList = D37D778719BD2D6C0066F982 /* Build configuration list for PBXNativeTarget "SwiftPackTests" */;
			buildPhases = (
				D37D777B19BD2D6C0066F982 /* Sources */,
				D37D777C19BD2D6C0066F982 /* Frameworks */,
				D37D777D19BD2D6C0066F982 /* Resources */,
			);
			buildRules = (
			);
			dependencies = (
				D329D1691A19ABAF006BB33D /* PBXTargetDependency */,
			);
			name = SwiftPackTests;
			productName = SwiftPackTests;
			productReference = D37D777F19BD2D6C0066F982 /* SwiftPackTests.xctest */;
			productType = "com.apple.product-type.bundle.unit-test";
		};
/* End PBXNativeTarget section */

/* Begin PBXProject section */
		D365F96D19BD22B600160701 /* Project object */ = {
			isa = PBXProject;
			attributes = {
				LastUpgradeCheck = 0600;
				ORGANIZATIONNAME = Rantlab;
				TargetAttributes = {
					D365F97419BD22B600160701 = {
						CreatedOnToolsVersion = 6.0;
					};
					D365F99F19BD268500160701 = {
						CreatedOnToolsVersion = 6.0;
					};
					D37D777E19BD2D6C0066F982 = {
						CreatedOnToolsVersion = 6.0;
						TestTargetID = D365F97419BD22B600160701;
					};
				};
			};
			buildConfigurationList = D365F97019BD22B600160701 /* Build configuration list for PBXProject "SwiftPack" */;
			compatibilityVersion = "Xcode 3.2";
			developmentRegion = English;
			hasScannedForEncodings = 0;
			knownRegions = (
				en,
				Base,
			);
			mainGroup = D365F96C19BD22B600160701;
			productRefGroup = D365F97619BD22B600160701 /* Products */;
			projectDirPath = "";
			projectRoot = "";
			targets = (
				D365F97419BD22B600160701 /* UnPacker */,
				D365F99F19BD268500160701 /* SwiftPack */,
				D37D777E19BD2D6C0066F982 /* SwiftPackTests */,
			);
		};
/* End PBXProject section */

/* Begin PBXResourcesBuildPhase section */
		D365F97319BD22B600160701 /* Resources */ = {
			isa = PBXResourcesBuildPhase;
			buildActionMask = 2147483647;
			files = (
				D365F97F19BD22B600160701 /* Images.xcassets in Resources */,
				D365F98219BD22B600160701 /* MainMenu.xib in Resources */,
			);
			runOnlyForDeploymentPostprocessing = 0;
		};
		D365F99E19BD268500160701 /* Resources */ = {
			isa = PBXResourcesBuildPhase;
			buildActionMask = 2147483647;
			files = (
			);
			runOnlyForDeploymentPostprocessing = 0;
		};
		D37D777D19BD2D6C0066F982 /* Resources */ = {
			isa = PBXResourcesBuildPhase;
			buildActionMask = 2147483647;
			files = (
			);
			runOnlyForDeploymentPostprocessing = 0;
		};
/* End PBXResourcesBuildPhase section */

/* Begin PBXSourcesBuildPhase section */
		D365F97119BD22B600160701 /* Sources */ = {
			isa = PBXSourcesBuildPhase;
			buildActionMask = 2147483647;
			files = (
				D365F9C119BD2C7C00160701 /* Packer.swift in Sources */,
				D365F97D19BD22B600160701 /* AppDelegate.swift in Sources */,
				D365F9C319BD2C8300160701 /* Unpacker.swift in Sources */,
				D365F97B19BD22B600160701 /* main.swift in Sources */,
			);
			runOnlyForDeploymentPostprocessing = 0;
		};
		D365F99B19BD268500160701 /* Sources */ = {
			isa = PBXSourcesBuildPhase;
			buildActionMask = 2147483647;
			files = (
				D365F9C019BD26A500160701 /* Unpacker.swift in Sources */,
				D365F9BF19BD269F00160701 /* Packer.swift in Sources */,
			);
			runOnlyForDeploymentPostprocessing = 0;
		};
		D37D777B19BD2D6C0066F982 /* Sources */ = {
			isa = PBXSourcesBuildPhase;
			buildActionMask = 2147483647;
			files = (
				D37D778419BD2D6C0066F982 /* SwiftPackTests.swift in Sources */,
				D37D778919BD69FC0066F982 /* Unpacker.swift in Sources */,
				D37D778819BD694F0066F982 /* Packer.swift in Sources */,
			);
			runOnlyForDeploymentPostprocessing = 0;
		};
/* End PBXSourcesBuildPhase section */

/* Begin PBXTargetDependency section */
		D329D1691A19ABAF006BB33D /* PBXTargetDependency */ = {
			isa = PBXTargetDependency;
			target = D365F97419BD22B600160701 /* UnPacker */;
			targetProxy = D329D1681A19ABAF006BB33D /* PBXContainerItemProxy */;
		};
		D365F9B319BD268500160701 /* PBXTargetDependency */ = {
			isa = PBXTargetDependency;
			target = D365F99F19BD268500160701 /* SwiftPack */;
			targetProxy = D365F9B219BD268500160701 /* PBXContainerItemProxy */;
		};
		D365F9B719BD268500160701 /* PBXTargetDependency */ = {
			isa = PBXTargetDependency;
			target = D365F99F19BD268500160701 /* SwiftPack */;
			targetProxy = D365F9B619BD268500160701 /* PBXContainerItemProxy */;
		};
/* End PBXTargetDependency section */

/* Begin PBXVariantGroup section */
		D365F98019BD22B600160701 /* MainMenu.xib */ = {
			isa = PBXVariantGroup;
			children = (
				D365F98119BD22B600160701 /* Base */,
			);
			name = MainMenu.xib;
			sourceTree = "<group>";
		};
/* End PBXVariantGroup section */

/* Begin XCBuildConfiguration section */
		D365F98F19BD22B600160701 /* Debug */ = {
			isa = XCBuildConfiguration;
			buildSettings = {
				ALWAYS_SEARCH_USER_PATHS = NO;
				CLANG_CXX_LANGUAGE_STANDARD = "gnu++0x";
				CLANG_CXX_LIBRARY = "libc++";
				CLANG_ENABLE_MODULES = YES;
				CLANG_ENABLE_OBJC_ARC = YES;
				CLANG_WARN_BOOL_CONVERSION = YES;
				CLANG_WARN_CONSTANT_CONVERSION = YES;
				CLANG_WARN_DIRECT_OBJC_ISA_USAGE = YES_ERROR;
				CLANG_WARN_EMPTY_BODY = YES;
				CLANG_WARN_ENUM_CONVERSION = YES;
				CLANG_WARN_INT_CONVERSION = YES;
				CLANG_WARN_OBJC_ROOT_CLASS = YES_ERROR;
				CLANG_WARN_UNREACHABLE_CODE = YES;
				CLANG_WARN__DUPLICATE_METHOD_MATCH = YES;
				CODE_SIGN_IDENTITY = "-";
				COPY_PHASE_STRIP = NO;
				ENABLE_STRICT_OBJC_MSGSEND = YES;
				GCC_C_LANGUAGE_STANDARD = gnu99;
				GCC_DYNAMIC_NO_PIC = NO;
				GCC_OPTIMIZATION_LEVEL = 0;
				GCC_PREPROCESSOR_DEFINITIONS = (
					"DEBUG=1",
					"$(inherited)",
				);
				GCC_SYMBOLS_PRIVATE_EXTERN = NO;
				GCC_WARN_64_TO_32_BIT_CONVERSION = YES;
				GCC_WARN_ABOUT_RETURN_TYPE = YES_ERROR;
				GCC_WARN_UNDECLARED_SELECTOR = YES;
				GCC_WARN_UNINITIALIZED_AUTOS = YES_AGGRESSIVE;
				GCC_WARN_UNUSED_FUNCTION = YES;
				GCC_WARN_UNUSED_VARIABLE = YES;
				MACOSX_DEPLOYMENT_TARGET = 10.9;
				MTL_ENABLE_DEBUG_INFO = YES;
				ONLY_ACTIVE_ARCH = YES;
				SDKROOT = macosx;
				SWIFT_OPTIMIZATION_LEVEL = "-Onone";
			};
			name = Debug;
		};
		D365F99019BD22B600160701 /* Release */ = {
			isa = XCBuildConfiguration;
			buildSettings = {
				ALWAYS_SEARCH_USER_PATHS = NO;
				CLANG_CXX_LANGUAGE_STANDARD = "gnu++0x";
				CLANG_CXX_LIBRARY = "libc++";
				CLANG_ENABLE_MODULES = YES;
				CLANG_ENABLE_OBJC_ARC = YES;
				CLANG_WARN_BOOL_CONVERSION = YES;
				CLANG_WARN_CONSTANT_CONVERSION = YES;
				CLANG_WARN_DIRECT_OBJC_ISA_USAGE = YES_ERROR;
				CLANG_WARN_EMPTY_BODY = YES;
				CLANG_WARN_ENUM_CONVERSION = YES;
				CLANG_WARN_INT_CONVERSION = YES;
				CLANG_WARN_OBJC_ROOT_CLASS = YES_ERROR;
				CLANG_WARN_UNREACHABLE_CODE = YES;
				CLANG_WARN__DUPLICATE_METHOD_MATCH = YES;
				CODE_SIGN_IDENTITY = "-";
				COPY_PHASE_STRIP = YES;
				DEBUG_INFORMATION_FORMAT = "dwarf-with-dsym";
				ENABLE_NS_ASSERTIONS = NO;
				ENABLE_STRICT_OBJC_MSGSEND = YES;
				GCC_C_LANGUAGE_STANDARD = gnu99;
				GCC_WARN_64_TO_32_BIT_CONVERSION = YES;
				GCC_WARN_ABOUT_RETURN_TYPE = YES_ERROR;
				GCC_WARN_UNDECLARED_SELECTOR = YES;
				GCC_WARN_UNINITIALIZED_AUTOS = YES_AGGRESSIVE;
				GCC_WARN_UNUSED_FUNCTION = YES;
				GCC_WARN_UNUSED_VARIABLE = YES;
				MACOSX_DEPLOYMENT_TARGET = 10.9;
				MTL_ENABLE_DEBUG_INFO = NO;
				SDKROOT = macosx;
			};
			name = Release;
		};
		D365F99219BD22B600160701 /* Debug */ = {
			isa = XCBuildConfiguration;
			buildSettings = {
				ASSETCATALOG_COMPILER_APPICON_NAME = AppIcon;
				COMBINE_HIDPI_IMAGES = YES;
				INFOPLIST_FILE = SwiftPack/Info.plist;
				LD_RUNPATH_SEARCH_PATHS = "$(inherited) @executable_path/../Frameworks";
				PRODUCT_NAME = "$(TARGET_NAME)";
			};
			name = Debug;
		};
		D365F99319BD22B600160701 /* Release */ = {
			isa = XCBuildConfiguration;
			buildSettings = {
				ASSETCATALOG_COMPILER_APPICON_NAME = AppIcon;
				COMBINE_HIDPI_IMAGES = YES;
				INFOPLIST_FILE = SwiftPack/Info.plist;
				LD_RUNPATH_SEARCH_PATHS = "$(inherited) @executable_path/../Frameworks";
				PRODUCT_NAME = "$(TARGET_NAME)";
			};
			name = Release;
		};
		D365F9B919BD268500160701 /* Debug */ = {
			isa = XCBuildConfiguration;
			buildSettings = {
				COMBINE_HIDPI_IMAGES = YES;
				CURRENT_PROJECT_VERSION = 1;
				DEFINES_MODULE = YES;
				DYLIB_COMPATIBILITY_VERSION = 1;
				DYLIB_CURRENT_VERSION = 1;
				DYLIB_INSTALL_NAME_BASE = "@rpath";
				FRAMEWORK_VERSION = A;
				GCC_PREPROCESSOR_DEFINITIONS = (
					"DEBUG=1",
					"$(inherited)",
				);
				INFOPLIST_FILE = SwiftPack/Info.plist;
				INSTALL_PATH = "$(LOCAL_LIBRARY_DIR)/Frameworks";
				LD_RUNPATH_SEARCH_PATHS = "$(inherited) @executable_path/../Frameworks @loader_path/Frameworks";
				PRODUCT_NAME = "$(TARGET_NAME)";
				SKIP_INSTALL = YES;
				VERSIONING_SYSTEM = "apple-generic";
				VERSION_INFO_PREFIX = "";
			};
			name = Debug;
		};
		D365F9BA19BD268500160701 /* Release */ = {
			isa = XCBuildConfiguration;
			buildSettings = {
				COMBINE_HIDPI_IMAGES = YES;
				CURRENT_PROJECT_VERSION = 1;
				DEFINES_MODULE = YES;
				DYLIB_COMPATIBILITY_VERSION = 1;
				DYLIB_CURRENT_VERSION = 1;
				DYLIB_INSTALL_NAME_BASE = "@rpath";
				FRAMEWORK_VERSION = A;
				INFOPLIST_FILE = SwiftPack/Info.plist;
				INSTALL_PATH = "$(LOCAL_LIBRARY_DIR)/Frameworks";
				LD_RUNPATH_SEARCH_PATHS = "$(inherited) @executable_path/../Frameworks @loader_path/Frameworks";
				PRODUCT_NAME = "$(TARGET_NAME)";
				SKIP_INSTALL = YES;
				VERSIONING_SYSTEM = "apple-generic";
				VERSION_INFO_PREFIX = "";
			};
			name = Release;
		};
		D37D778519BD2D6C0066F982 /* Debug */ = {
			isa = XCBuildConfiguration;
			buildSettings = {
				BUNDLE_LOADER = "$(TEST_HOST)";
				COMBINE_HIDPI_IMAGES = YES;
				FRAMEWORK_SEARCH_PATHS = (
					"$(DEVELOPER_FRAMEWORKS_DIR)",
					"$(inherited)",
				);
				GCC_PREPROCESSOR_DEFINITIONS = (
					"DEBUG=1",
					"$(inherited)",
				);
				INFOPLIST_FILE = SwiftPackTests/Info.plist;
				LD_RUNPATH_SEARCH_PATHS = "$(inherited) @executable_path/../Frameworks @loader_path/../Frameworks";
				PRODUCT_NAME = "$(TARGET_NAME)";
				TEST_HOST = "$(BUILT_PRODUCTS_DIR)/UnPacker.app/Contents/MacOS/UnPacker";
			};
			name = Debug;
		};
		D37D778619BD2D6C0066F982 /* Release */ = {
			isa = XCBuildConfiguration;
			buildSettings = {
				BUNDLE_LOADER = "$(TEST_HOST)";
				COMBINE_HIDPI_IMAGES = YES;
				FRAMEWORK_SEARCH_PATHS = (
					"$(DEVELOPER_FRAMEWORKS_DIR)",
					"$(inherited)",
				);
				INFOPLIST_FILE = SwiftPackTests/Info.plist;
				LD_RUNPATH_SEARCH_PATHS = "$(inherited) @executable_path/../Frameworks @loader_path/../Frameworks";
				PRODUCT_NAME = "$(TARGET_NAME)";
				TEST_HOST = "$(BUILT_PRODUCTS_DIR)/UnPacker.app/Contents/MacOS/UnPacker";
			};
			name = Release;
		};
/* End XCBuildConfiguration section */

/* Begin XCConfigurationList section */
		D365F97019BD22B600160701 /* Build configuration list for PBXProject "SwiftPack" */ = {
			isa = XCConfigurationList;
			buildConfigurations = (
				D365F98F19BD22B600160701 /* Debug */,
				D365F99019BD22B600160701 /* Release */,
			);
			defaultConfigurationIsVisible = 0;
			defaultConfigurationName = Release;
		};
		D365F99119BD22B600160701 /* Build configuration list for PBXNativeTarget "UnPacker" */ = {
			isa = XCConfigurationList;
			buildConfigurations = (
				D365F99219BD22B600160701 /* Debug */,
				D365F99319BD22B600160701 /* Release */,
			);
			defaultConfigurationIsVisible = 0;
			defaultConfigurationName = Release;
		};
		D365F9B819BD268500160701 /* Build configuration list for PBXNativeTarget "SwiftPack" */ = {
			isa = XCConfigurationList;
			buildConfigurations = (
				D365F9B919BD268500160701 /* Debug */,
				D365F9BA19BD268500160701 /* Release */,
			);
			defaultConfigurationIsVisible = 0;
			defaultConfigurationName = Release;
		};
		D37D778719BD2D6C0066F982 /* Build configuration list for PBXNativeTarget "SwiftPackTests" */ = {
			isa = XCConfigurationList;
			buildConfigurations = (
				D37D778519BD2D6C0066F982 /* Debug */,
				D37D778619BD2D6C0066F982 /* Release */,
			);
			defaultConfigurationIsVisible = 0;
			defaultConfigurationName = Release;
		};
/* End XCConfigurationList section */
	};
	rootObject = D365F96D19BD22B600160701 /* Project object */;
}
