// !$*UTF8*$!
{
	archiveVersion = 1;
	classes = {
	};
	objectVersion = 46;
	objects = {

/* Begin PBXBuildFile section */
		BFF266EA1B582812002323E6 /* PackerCollectionTestCase.swift in Sources */ = {isa = PBXBuildFile; fileRef = BFF266E91B582812002323E6 /* PackerCollectionTestCase.swift */; };
		D35D8C131A8418840039CC3B /* SwiftPack.framework in CopyFiles */ = {isa = PBXBuildFile; fileRef = D365F9A019BD268500160701 /* SwiftPack.framework */; settings = {ATTRIBUTES = (CodeSignOnCopy, RemoveHeadersOnCopy, ); }; };
		D365F9A519BD268500160701 /* SwiftPack.h in Headers */ = {isa = PBXBuildFile; fileRef = D365F9A419BD268500160701 /* SwiftPack.h */; settings = {ATTRIBUTES = (Public, ); }; };
		D365F9BF19BD269F00160701 /* Packer.swift in Sources */ = {isa = PBXBuildFile; fileRef = D365F99719BD233100160701 /* Packer.swift */; };
		D365F9C019BD26A500160701 /* Unpacker.swift in Sources */ = {isa = PBXBuildFile; fileRef = D365F99819BD233100160701 /* Unpacker.swift */; };
		D36CAE1D1AEE8CDB000E6D68 /* Unpacker.swift in Sources */ = {isa = PBXBuildFile; fileRef = D365F99819BD233100160701 /* Unpacker.swift */; };
		D36CAE1E1AEE8CEF000E6D68 /* Unpacker.swift in Sources */ = {isa = PBXBuildFile; fileRef = D365F99819BD233100160701 /* Unpacker.swift */; };
		D37D778419BD2D6C0066F982 /* SwiftPackTests.swift in Sources */ = {isa = PBXBuildFile; fileRef = D37D778319BD2D6C0066F982 /* SwiftPackTests.swift */; };
		D37D778819BD694F0066F982 /* Packer.swift in Sources */ = {isa = PBXBuildFile; fileRef = D365F99719BD233100160701 /* Packer.swift */; };
		D3B325051AAFFD330098A72F /* Describer.swift in Sources */ = {isa = PBXBuildFile; fileRef = D3B325041AAFFD330098A72F /* Describer.swift */; };
		D3B325061AAFFD330098A72F /* Describer.swift in Sources */ = {isa = PBXBuildFile; fileRef = D3B325041AAFFD330098A72F /* Describer.swift */; };
		D3C11F281ABB1CC6008757B1 /* DescriberTest.swift in Sources */ = {isa = PBXBuildFile; fileRef = D3C11F271ABB1CC6008757B1 /* DescriberTest.swift */; };
		D3E7A58A1A840C990055FD3B /* MainMenu.xib in Resources */ = {isa = PBXBuildFile; fileRef = D3F2D1B21A2A56E1004E3DDC /* MainMenu.xib */; };
		D3F2D1AB1A2A56A5004E3DDC /* AppDelegate.swift in Sources */ = {isa = PBXBuildFile; fileRef = D3F2D1AA1A2A56A5004E3DDC /* AppDelegate.swift */; };
		D3F2D1AD1A2A56BD004E3DDC /* Images.xcassets in Resources */ = {isa = PBXBuildFile; fileRef = D3F2D1AC1A2A56BD004E3DDC /* Images.xcassets */; };
		D3F2D1BA1A2A5751004E3DDC /* SwiftPack.framework in Frameworks */ = {isa = PBXBuildFile; fileRef = D365F9A019BD268500160701 /* SwiftPack.framework */; };
		EA2A826C1A45B2220008BD65 /* PackerIntegerTestCase.swift in Sources */ = {isa = PBXBuildFile; fileRef = EA2A826B1A45B2220008BD65 /* PackerIntegerTestCase.swift */; };
		EA6606521A45F3CF0017C0C6 /* UnpackerIntegerTestCase.swift in Sources */ = {isa = PBXBuildFile; fileRef = EA6606511A45F3CF0017C0C6 /* UnpackerIntegerTestCase.swift */; };
		EA91194D1A489BD600904785 /* PackerUnsignedIntegerTestCase.swift in Sources */ = {isa = PBXBuildFile; fileRef = EA91194C1A489BD600904785 /* PackerUnsignedIntegerTestCase.swift */; };
		EA91194F1A48A4CD00904785 /* UnpackerUnsignedIntegerTestCase.swift in Sources */ = {isa = PBXBuildFile; fileRef = EA91194E1A48A4CD00904785 /* UnpackerUnsignedIntegerTestCase.swift */; };
/* End PBXBuildFile section */

/* Begin PBXContainerItemProxy section */
		D36CAE1F1AEE90A6000E6D68 /* PBXContainerItemProxy */ = {
			isa = PBXContainerItemProxy;
			containerPortal = D365F96D19BD22B600160701 /* Project object */;
			proxyType = 1;
			remoteGlobalIDString = D3F2D18C1A2A5656004E3DDC;
			remoteInfo = Unpacker;
		};
		D3F2D1BB1A2A5767004E3DDC /* PBXContainerItemProxy */ = {
			isa = PBXContainerItemProxy;
			containerPortal = D365F96D19BD22B600160701 /* Project object */;
			proxyType = 1;
			remoteGlobalIDString = D365F99F19BD268500160701;
			remoteInfo = SwiftPack;
		};
/* End PBXContainerItemProxy section */

/* Begin PBXCopyFilesBuildPhase section */
		D35D8C121A8418770039CC3B /* CopyFiles */ = {
			isa = PBXCopyFilesBuildPhase;
			buildActionMask = 2147483647;
			dstPath = "";
			dstSubfolderSpec = 10;
			files = (
				D35D8C131A8418840039CC3B /* SwiftPack.framework in CopyFiles */,
			);
			runOnlyForDeploymentPostprocessing = 0;
		};
/* End PBXCopyFilesBuildPhase section */

/* Begin PBXFileReference section */
		BFF266E91B582812002323E6 /* PackerCollectionTestCase.swift */ = {isa = PBXFileReference; fileEncoding = 4; lastKnownFileType = sourcecode.swift; path = PackerCollectionTestCase.swift; sourceTree = "<group>"; };
		D365F99719BD233100160701 /* Packer.swift */ = {isa = PBXFileReference; fileEncoding = 4; lastKnownFileType = sourcecode.swift; path = Packer.swift; sourceTree = "<group>"; };
		D365F99819BD233100160701 /* Unpacker.swift */ = {isa = PBXFileReference; fileEncoding = 4; lastKnownFileType = sourcecode.swift; path = Unpacker.swift; sourceTree = "<group>"; };
		D365F9A019BD268500160701 /* SwiftPack.framework */ = {isa = PBXFileReference; explicitFileType = wrapper.framework; includeInIndex = 0; path = SwiftPack.framework; sourceTree = BUILT_PRODUCTS_DIR; };
		D365F9A319BD268500160701 /* Info.plist */ = {isa = PBXFileReference; lastKnownFileType = text.plist.xml; path = Info.plist; sourceTree = "<group>"; };
		D365F9A419BD268500160701 /* SwiftPack.h */ = {isa = PBXFileReference; lastKnownFileType = sourcecode.c.h; path = SwiftPack.h; sourceTree = "<group>"; };
		D37D777F19BD2D6C0066F982 /* SwiftPackTests.xctest */ = {isa = PBXFileReference; explicitFileType = wrapper.cfbundle; includeInIndex = 0; path = SwiftPackTests.xctest; sourceTree = BUILT_PRODUCTS_DIR; };
		D37D778219BD2D6C0066F982 /* Info.plist */ = {isa = PBXFileReference; lastKnownFileType = text.plist.xml; path = Info.plist; sourceTree = "<group>"; };
		D37D778319BD2D6C0066F982 /* SwiftPackTests.swift */ = {isa = PBXFileReference; lastKnownFileType = sourcecode.swift; path = SwiftPackTests.swift; sourceTree = "<group>"; };
		D3B325041AAFFD330098A72F /* Describer.swift */ = {isa = PBXFileReference; fileEncoding = 4; lastKnownFileType = sourcecode.swift; path = Describer.swift; sourceTree = "<group>"; };
		D3C11F271ABB1CC6008757B1 /* DescriberTest.swift */ = {isa = PBXFileReference; fileEncoding = 4; lastKnownFileType = sourcecode.swift; path = DescriberTest.swift; sourceTree = "<group>"; };
		D3F2D18D1A2A5656004E3DDC /* Unpacker.app */ = {isa = PBXFileReference; explicitFileType = wrapper.application; includeInIndex = 0; path = Unpacker.app; sourceTree = BUILT_PRODUCTS_DIR; };
		D3F2D1AA1A2A56A5004E3DDC /* AppDelegate.swift */ = {isa = PBXFileReference; fileEncoding = 4; lastKnownFileType = sourcecode.swift; path = AppDelegate.swift; sourceTree = "<group>"; };
		D3F2D1AC1A2A56BD004E3DDC /* Images.xcassets */ = {isa = PBXFileReference; lastKnownFileType = folder.assetcatalog; path = Images.xcassets; sourceTree = "<group>"; };
		D3F2D1B31A2A56E1004E3DDC /* Base */ = {isa = PBXFileReference; lastKnownFileType = file.xib; name = Base; path = Base.lproj/MainMenu.xib; sourceTree = "<group>"; };
		D3F2D1B71A2A56F6004E3DDC /* Info.plist */ = {isa = PBXFileReference; fileEncoding = 4; lastKnownFileType = text.plist.xml; path = Info.plist; sourceTree = "<group>"; };
		EA2A826B1A45B2220008BD65 /* PackerIntegerTestCase.swift */ = {isa = PBXFileReference; fileEncoding = 4; lastKnownFileType = sourcecode.swift; path = PackerIntegerTestCase.swift; sourceTree = "<group>"; };
		EA6606511A45F3CF0017C0C6 /* UnpackerIntegerTestCase.swift */ = {isa = PBXFileReference; fileEncoding = 4; lastKnownFileType = sourcecode.swift; path = UnpackerIntegerTestCase.swift; sourceTree = "<group>"; };
		EA91194C1A489BD600904785 /* PackerUnsignedIntegerTestCase.swift */ = {isa = PBXFileReference; fileEncoding = 4; lastKnownFileType = sourcecode.swift; path = PackerUnsignedIntegerTestCase.swift; sourceTree = "<group>"; };
		EA91194E1A48A4CD00904785 /* UnpackerUnsignedIntegerTestCase.swift */ = {isa = PBXFileReference; fileEncoding = 4; lastKnownFileType = sourcecode.swift; path = UnpackerUnsignedIntegerTestCase.swift; sourceTree = "<group>"; };
/* End PBXFileReference section */

/* Begin PBXFrameworksBuildPhase section */
		D365F99C19BD268500160701 /* Frameworks */ = {
			isa = PBXFrameworksBuildPhase;
			buildActionMask = 2147483647;
			files = (
			);
			runOnlyForDeploymentPostprocessing = 0;
		};
		D37D777C19BD2D6C0066F982 /* Frameworks */ = {
			isa = PBXFrameworksBuildPhase;
			buildActionMask = 2147483647;
			files = (
			);
			runOnlyForDeploymentPostprocessing = 0;
		};
		D3F2D18A1A2A5656004E3DDC /* Frameworks */ = {
			isa = PBXFrameworksBuildPhase;
			buildActionMask = 2147483647;
			files = (
				D3F2D1BA1A2A5751004E3DDC /* SwiftPack.framework in Frameworks */,
			);
			runOnlyForDeploymentPostprocessing = 0;
		};
/* End PBXFrameworksBuildPhase section */

/* Begin PBXGroup section */
		D365F96C19BD22B600160701 = {
			isa = PBXGroup;
			children = (
				D365F9A119BD268500160701 /* SwiftPack */,
				D37D778019BD2D6C0066F982 /* SwiftPackTests */,
				D3F2D18E1A2A5656004E3DDC /* Unpacker */,
				D365F97619BD22B600160701 /* Products */,
			);
			sourceTree = "<group>";
		};
		D365F97619BD22B600160701 /* Products */ = {
			isa = PBXGroup;
			children = (
				D365F9A019BD268500160701 /* SwiftPack.framework */,
				D37D777F19BD2D6C0066F982 /* SwiftPackTests.xctest */,
				D3F2D18D1A2A5656004E3DDC /* Unpacker.app */,
			);
			name = Products;
			sourceTree = "<group>";
		};
		D365F9A119BD268500160701 /* SwiftPack */ = {
			isa = PBXGroup;
			children = (
				D365F99719BD233100160701 /* Packer.swift */,
				D365F99819BD233100160701 /* Unpacker.swift */,
				D3B325041AAFFD330098A72F /* Describer.swift */,
				D365F9A419BD268500160701 /* SwiftPack.h */,
				D365F9A219BD268500160701 /* Supporting Files */,
			);
			path = SwiftPack;
			sourceTree = "<group>";
		};
		D365F9A219BD268500160701 /* Supporting Files */ = {
			isa = PBXGroup;
			children = (
				D365F9A319BD268500160701 /* Info.plist */,
			);
			name = "Supporting Files";
			sourceTree = "<group>";
		};
		D37D778019BD2D6C0066F982 /* SwiftPackTests */ = {
			isa = PBXGroup;
			children = (
				D3C11F271ABB1CC6008757B1 /* DescriberTest.swift */,
				BFF266E91B582812002323E6 /* PackerCollectionTestCase.swift */,
				EA2A826B1A45B2220008BD65 /* PackerIntegerTestCase.swift */,
				EA91194C1A489BD600904785 /* PackerUnsignedIntegerTestCase.swift */,
				EA6606511A45F3CF0017C0C6 /* UnpackerIntegerTestCase.swift */,
				EA91194E1A48A4CD00904785 /* UnpackerUnsignedIntegerTestCase.swift */,
				D37D778319BD2D6C0066F982 /* SwiftPackTests.swift */,
				D37D778119BD2D6C0066F982 /* Supporting Files */,
			);
			path = SwiftPackTests;
			sourceTree = "<group>";
		};
		D37D778119BD2D6C0066F982 /* Supporting Files */ = {
			isa = PBXGroup;
			children = (
				D37D778219BD2D6C0066F982 /* Info.plist */,
			);
			name = "Supporting Files";
			sourceTree = "<group>";
		};
		D3F2D18E1A2A5656004E3DDC /* Unpacker */ = {
			isa = PBXGroup;
			children = (
				D3F2D1AA1A2A56A5004E3DDC /* AppDelegate.swift */,
				D3F2D1AC1A2A56BD004E3DDC /* Images.xcassets */,
				D3F2D1B21A2A56E1004E3DDC /* MainMenu.xib */,
				D3F2D1B71A2A56F6004E3DDC /* Info.plist */,
			);
			path = Unpacker;
			sourceTree = "<group>";
		};
/* End PBXGroup section */

/* Begin PBXHeadersBuildPhase section */
		D365F99D19BD268500160701 /* Headers */ = {
			isa = PBXHeadersBuildPhase;
			buildActionMask = 2147483647;
			files = (
				D365F9A519BD268500160701 /* SwiftPack.h in Headers */,
			);
			runOnlyForDeploymentPostprocessing = 0;
		};
/* End PBXHeadersBuildPhase section */

/* Begin PBXNativeTarget section */
		D365F99F19BD268500160701 /* SwiftPack */ = {
			isa = PBXNativeTarget;
			buildConfigurationList = D365F9B819BD268500160701 /* Build configuration list for PBXNativeTarget "SwiftPack" */;
			buildPhases = (
				D365F99B19BD268500160701 /* Sources */,
				D365F99C19BD268500160701 /* Frameworks */,
				D365F99D19BD268500160701 /* Headers */,
				D365F99E19BD268500160701 /* Resources */,
			);
			buildRules = (
			);
			dependencies = (
			);
			name = SwiftPack;
			productName = SwiftPack;
			productReference = D365F9A019BD268500160701 /* SwiftPack.framework */;
			productType = "com.apple.product-type.framework";
		};
		D37D777E19BD2D6C0066F982 /* SwiftPackTests */ = {
			isa = PBXNativeTarget;
			buildConfigurationList = D37D778719BD2D6C0066F982 /* Build configuration list for PBXNativeTarget "SwiftPackTests" */;
			buildPhases = (
				D37D777B19BD2D6C0066F982 /* Sources */,
				D37D777C19BD2D6C0066F982 /* Frameworks */,
				D37D777D19BD2D6C0066F982 /* Resources */,
			);
			buildRules = (
			);
			dependencies = (
				D36CAE201AEE90A6000E6D68 /* PBXTargetDependency */,
			);
			name = SwiftPackTests;
			productName = SwiftPackTests;
			productReference = D37D777F19BD2D6C0066F982 /* SwiftPackTests.xctest */;
			productType = "com.apple.product-type.bundle.unit-test";
		};
		D3F2D18C1A2A5656004E3DDC /* Unpacker */ = {
			isa = PBXNativeTarget;
			buildConfigurationList = D3F2D1A41A2A5656004E3DDC /* Build configuration list for PBXNativeTarget "Unpacker" */;
			buildPhases = (
				D3F2D1891A2A5656004E3DDC /* Sources */,
				D3F2D18A1A2A5656004E3DDC /* Frameworks */,
				D3F2D18B1A2A5656004E3DDC /* Resources */,
				D35D8C121A8418770039CC3B /* CopyFiles */,
			);
			buildRules = (
			);
			dependencies = (
				D3F2D1BC1A2A5767004E3DDC /* PBXTargetDependency */,
			);
			name = Unpacker;
			productName = Unpacker;
			productReference = D3F2D18D1A2A5656004E3DDC /* Unpacker.app */;
			productType = "com.apple.product-type.application";
		};
/* End PBXNativeTarget section */

/* Begin PBXProject section */
		D365F96D19BD22B600160701 /* Project object */ = {
			isa = PBXProject;
			attributes = {
				LastSwiftUpdateCheck = 0700;
				LastUpgradeCheck = 0700;
				ORGANIZATIONNAME = Rantlab;
				TargetAttributes = {
					D365F99F19BD268500160701 = {
						CreatedOnToolsVersion = 6.0;
					};
					D37D777E19BD2D6C0066F982 = {
						CreatedOnToolsVersion = 6.0;
						TestTargetID = D3F2D18C1A2A5656004E3DDC;
					};
					D3F2D18C1A2A5656004E3DDC = {
						CreatedOnToolsVersion = 6.2;
					};
				};
			};
			buildConfigurationList = D365F97019BD22B600160701 /* Build configuration list for PBXProject "SwiftPack" */;
			compatibilityVersion = "Xcode 3.2";
			developmentRegion = English;
			hasScannedForEncodings = 0;
			knownRegions = (
				en,
				Base,
			);
			mainGroup = D365F96C19BD22B600160701;
			productRefGroup = D365F97619BD22B600160701 /* Products */;
			projectDirPath = "";
			projectRoot = "";
			targets = (
				D365F99F19BD268500160701 /* SwiftPack */,
				D37D777E19BD2D6C0066F982 /* SwiftPackTests */,
				D3F2D18C1A2A5656004E3DDC /* Unpacker */,
			);
		};
/* End PBXProject section */

/* Begin PBXResourcesBuildPhase section */
		D365F99E19BD268500160701 /* Resources */ = {
			isa = PBXResourcesBuildPhase;
			buildActionMask = 2147483647;
			files = (
			);
			runOnlyForDeploymentPostprocessing = 0;
		};
		D37D777D19BD2D6C0066F982 /* Resources */ = {
			isa = PBXResourcesBuildPhase;
			buildActionMask = 2147483647;
			files = (
			);
			runOnlyForDeploymentPostprocessing = 0;
		};
		D3F2D18B1A2A5656004E3DDC /* Resources */ = {
			isa = PBXResourcesBuildPhase;
			buildActionMask = 2147483647;
			files = (
				D3F2D1AD1A2A56BD004E3DDC /* Images.xcassets in Resources */,
				D3E7A58A1A840C990055FD3B /* MainMenu.xib in Resources */,
			);
			runOnlyForDeploymentPostprocessing = 0;
		};
/* End PBXResourcesBuildPhase section */

/* Begin PBXSourcesBuildPhase section */
		D365F99B19BD268500160701 /* Sources */ = {
			isa = PBXSourcesBuildPhase;
			buildActionMask = 2147483647;
			files = (
				D3B325051AAFFD330098A72F /* Describer.swift in Sources */,
				D365F9C019BD26A500160701 /* Unpacker.swift in Sources */,
				D365F9BF19BD269F00160701 /* Packer.swift in Sources */,
			);
			runOnlyForDeploymentPostprocessing = 0;
		};
		D37D777B19BD2D6C0066F982 /* Sources */ = {
			isa = PBXSourcesBuildPhase;
			buildActionMask = 2147483647;
			files = (
				D37D778419BD2D6C0066F982 /* SwiftPackTests.swift in Sources */,
				D3C11F281ABB1CC6008757B1 /* DescriberTest.swift in Sources */,
				D36CAE1E1AEE8CEF000E6D68 /* Unpacker.swift in Sources */,
				EA91194F1A48A4CD00904785 /* UnpackerUnsignedIntegerTestCase.swift in Sources */,
				EA6606521A45F3CF0017C0C6 /* UnpackerIntegerTestCase.swift in Sources */,
				BFF266EA1B582812002323E6 /* PackerCollectionTestCase.swift in Sources */,
				EA2A826C1A45B2220008BD65 /* PackerIntegerTestCase.swift in Sources */,
				D37D778819BD694F0066F982 /* Packer.swift in Sources */,
				EA91194D1A489BD600904785 /* PackerUnsignedIntegerTestCase.swift in Sources */,
			);
			runOnlyForDeploymentPostprocessing = 0;
		};
		D3F2D1891A2A5656004E3DDC /* Sources */ = {
			isa = PBXSourcesBuildPhase;
			buildActionMask = 2147483647;
			files = (
				D3F2D1AB1A2A56A5004E3DDC /* AppDelegate.swift in Sources */,
				D36CAE1D1AEE8CDB000E6D68 /* Unpacker.swift in Sources */,
				D3B325061AAFFD330098A72F /* Describer.swift in Sources */,
			);
			runOnlyForDeploymentPostprocessing = 0;
		};
/* End PBXSourcesBuildPhase section */

/* Begin PBXTargetDependency section */
		D36CAE201AEE90A6000E6D68 /* PBXTargetDependency */ = {
			isa = PBXTargetDependency;
			target = D3F2D18C1A2A5656004E3DDC /* Unpacker */;
			targetProxy = D36CAE1F1AEE90A6000E6D68 /* PBXContainerItemProxy */;
		};
		D3F2D1BC1A2A5767004E3DDC /* PBXTargetDependency */ = {
			isa = PBXTargetDependency;
			target = D365F99F19BD268500160701 /* SwiftPack */;
			targetProxy = D3F2D1BB1A2A5767004E3DDC /* PBXContainerItemProxy */;
		};
/* End PBXTargetDependency section */

/* Begin PBXVariantGroup section */
		D3F2D1B21A2A56E1004E3DDC /* MainMenu.xib */ = {
			isa = PBXVariantGroup;
			children = (
				D3F2D1B31A2A56E1004E3DDC /* Base */,
			);
			name = MainMenu.xib;
			sourceTree = "<group>";
		};
/* End PBXVariantGroup section */

/* Begin XCBuildConfiguration section */
		D365F98F19BD22B600160701 /* Debug */ = {
			isa = XCBuildConfiguration;
			buildSettings = {
				ALWAYS_SEARCH_USER_PATHS = NO;
				CLANG_CXX_LANGUAGE_STANDARD = "gnu++0x";
				CLANG_CXX_LIBRARY = "libc++";
				CLANG_ENABLE_MODULES = YES;
				CLANG_ENABLE_OBJC_ARC = YES;
				CLANG_WARN_BOOL_CONVERSION = YES;
				CLANG_WARN_CONSTANT_CONVERSION = YES;
				CLANG_WARN_DIRECT_OBJC_ISA_USAGE = YES_ERROR;
				CLANG_WARN_EMPTY_BODY = YES;
				CLANG_WARN_ENUM_CONVERSION = YES;
				CLANG_WARN_INT_CONVERSION = YES;
				CLANG_WARN_OBJC_ROOT_CLASS = YES_ERROR;
				CLANG_WARN_UNREACHABLE_CODE = YES;
				CLANG_WARN__DUPLICATE_METHOD_MATCH = YES;
				CODE_SIGN_IDENTITY = "-";
				COPY_PHASE_STRIP = NO;
				ENABLE_STRICT_OBJC_MSGSEND = YES;
				ENABLE_TESTABILITY = YES;
				GCC_C_LANGUAGE_STANDARD = gnu99;
				GCC_DYNAMIC_NO_PIC = NO;
				GCC_OPTIMIZATION_LEVEL = 0;
				GCC_PREPROCESSOR_DEFINITIONS = (
					"DEBUG=1",
					"$(inherited)",
				);
				GCC_SYMBOLS_PRIVATE_EXTERN = NO;
				GCC_WARN_64_TO_32_BIT_CONVERSION = YES;
				GCC_WARN_ABOUT_RETURN_TYPE = YES_ERROR;
				GCC_WARN_UNDECLARED_SELECTOR = YES;
				GCC_WARN_UNINITIALIZED_AUTOS = YES_AGGRESSIVE;
				GCC_WARN_UNUSED_FUNCTION = YES;
				GCC_WARN_UNUSED_VARIABLE = YES;
				MACOSX_DEPLOYMENT_TARGET = 10.10;
				MTL_ENABLE_DEBUG_INFO = YES;
				ONLY_ACTIVE_ARCH = YES;
				SDKROOT = macosx;
				SWIFT_OPTIMIZATION_LEVEL = "-Onone";
			};
			name = Debug;
		};
		D365F99019BD22B600160701 /* Release */ = {
			isa = XCBuildConfiguration;
			buildSettings = {
				ALWAYS_SEARCH_USER_PATHS = NO;
				CLANG_CXX_LANGUAGE_STANDARD = "gnu++0x";
				CLANG_CXX_LIBRARY = "libc++";
				CLANG_ENABLE_MODULES = YES;
				CLANG_ENABLE_OBJC_ARC = YES;
				CLANG_WARN_BOOL_CONVERSION = YES;
				CLANG_WARN_CONSTANT_CONVERSION = YES;
				CLANG_WARN_DIRECT_OBJC_ISA_USAGE = YES_ERROR;
				CLANG_WARN_EMPTY_BODY = YES;
				CLANG_WARN_ENUM_CONVERSION = YES;
				CLANG_WARN_INT_CONVERSION = YES;
				CLANG_WARN_OBJC_ROOT_CLASS = YES_ERROR;
				CLANG_WARN_UNREACHABLE_CODE = YES;
				CLANG_WARN__DUPLICATE_METHOD_MATCH = YES;
				CODE_SIGN_IDENTITY = "-";
				COPY_PHASE_STRIP = YES;
				DEBUG_INFORMATION_FORMAT = "dwarf-with-dsym";
				ENABLE_NS_ASSERTIONS = NO;
				ENABLE_STRICT_OBJC_MSGSEND = YES;
				GCC_C_LANGUAGE_STANDARD = gnu99;
				GCC_WARN_64_TO_32_BIT_CONVERSION = YES;
				GCC_WARN_ABOUT_RETURN_TYPE = YES_ERROR;
				GCC_WARN_UNDECLARED_SELECTOR = YES;
				GCC_WARN_UNINITIALIZED_AUTOS = YES_AGGRESSIVE;
				GCC_WARN_UNUSED_FUNCTION = YES;
				GCC_WARN_UNUSED_VARIABLE = YES;
				MACOSX_DEPLOYMENT_TARGET = 10.10;
				MTL_ENABLE_DEBUG_INFO = NO;
				SDKROOT = macosx;
			};
			name = Release;
		};
		D365F9B919BD268500160701 /* Debug */ = {
			isa = XCBuildConfiguration;
			buildSettings = {
				COMBINE_HIDPI_IMAGES = YES;
				CURRENT_PROJECT_VERSION = 1;
				DEFINES_MODULE = YES;
				DYLIB_COMPATIBILITY_VERSION = 1;
				DYLIB_CURRENT_VERSION = 1;
				DYLIB_INSTALL_NAME_BASE = "@rpath";
				FRAMEWORK_VERSION = A;
				GCC_PREPROCESSOR_DEFINITIONS = (
					"DEBUG=1",
					"$(inherited)",
				);
				INFOPLIST_FILE = SwiftPack/Info.plist;
				INSTALL_PATH = "$(LOCAL_LIBRARY_DIR)/Frameworks";
				LD_RUNPATH_SEARCH_PATHS = "$(inherited) @executable_path/../Frameworks @loader_path/Frameworks";
				PRODUCT_BUNDLE_IDENTIFIER = "com.rantlab.$(PRODUCT_NAME:rfc1034identifier)";
				PRODUCT_NAME = "$(TARGET_NAME)";
				SKIP_INSTALL = YES;
				VERSIONING_SYSTEM = "apple-generic";
				VERSION_INFO_PREFIX = "";
			};
			name = Debug;
		};
		D365F9BA19BD268500160701 /* Release */ = {
			isa = XCBuildConfiguration;
			buildSettings = {
				COMBINE_HIDPI_IMAGES = YES;
				CURRENT_PROJECT_VERSION = 1;
				DEFINES_MODULE = YES;
				DYLIB_COMPATIBILITY_VERSION = 1;
				DYLIB_CURRENT_VERSION = 1;
				DYLIB_INSTALL_NAME_BASE = "@rpath";
				FRAMEWORK_VERSION = A;
				INFOPLIST_FILE = SwiftPack/Info.plist;
				INSTALL_PATH = "$(LOCAL_LIBRARY_DIR)/Frameworks";
				LD_RUNPATH_SEARCH_PATHS = "$(inherited) @executable_path/../Frameworks @loader_path/Frameworks";
				PRODUCT_BUNDLE_IDENTIFIER = "com.rantlab.$(PRODUCT_NAME:rfc1034identifier)";
				PRODUCT_NAME = "$(TARGET_NAME)";
				SKIP_INSTALL = YES;
				VERSIONING_SYSTEM = "apple-generic";
				VERSION_INFO_PREFIX = "";
			};
			name = Release;
		};
		D37D778519BD2D6C0066F982 /* Debug */ = {
			isa = XCBuildConfiguration;
			buildSettings = {
				BUNDLE_LOADER = "$(TEST_HOST)";
				COMBINE_HIDPI_IMAGES = YES;
				FRAMEWORK_SEARCH_PATHS = (
					"$(DEVELOPER_FRAMEWORKS_DIR)",
					"$(inherited)",
				);
				GCC_PREPROCESSOR_DEFINITIONS = (
					"DEBUG=1",
					"$(inherited)",
				);
				INFOPLIST_FILE = SwiftPackTests/Info.plist;
				LD_RUNPATH_SEARCH_PATHS = "$(inherited) @executable_path/../Frameworks @loader_path/../Frameworks";
				PRODUCT_BUNDLE_IDENTIFIER = "com.rantlab.$(PRODUCT_NAME:rfc1034identifier)";
				PRODUCT_NAME = "$(TARGET_NAME)";
				TEST_HOST = "$(BUILT_PRODUCTS_DIR)/Unpacker.app/Contents/MacOS/Unpacker";
			};
			name = Debug;
		};
		D37D778619BD2D6C0066F982 /* Release */ = {
			isa = XCBuildConfiguration;
			buildSettings = {
				BUNDLE_LOADER = "$(TEST_HOST)";
				COMBINE_HIDPI_IMAGES = YES;
				FRAMEWORK_SEARCH_PATHS = (
					"$(DEVELOPER_FRAMEWORKS_DIR)",
					"$(inherited)",
				);
				INFOPLIST_FILE = SwiftPackTests/Info.plist;
				LD_RUNPATH_SEARCH_PATHS = "$(inherited) @executable_path/../Frameworks @loader_path/../Frameworks";
				PRODUCT_BUNDLE_IDENTIFIER = "com.rantlab.$(PRODUCT_NAME:rfc1034identifier)";
				PRODUCT_NAME = "$(TARGET_NAME)";
				TEST_HOST = "$(BUILT_PRODUCTS_DIR)/Unpacker.app/Contents/MacOS/Unpacker";
			};
			name = Release;
		};
		D3F2D1A51A2A5656004E3DDC /* Debug */ = {
			isa = XCBuildConfiguration;
			buildSettings = {
				ASSETCATALOG_COMPILER_APPICON_NAME = AppIcon;
				COMBINE_HIDPI_IMAGES = YES;
				GCC_PREPROCESSOR_DEFINITIONS = (
					"DEBUG=1",
					"$(inherited)",
				);
				INFOPLIST_FILE = Unpacker/Info.plist;
				LD_RUNPATH_SEARCH_PATHS = "$(inherited) @executable_path/../Frameworks";
				MACOSX_DEPLOYMENT_TARGET = 10.10;
				PRODUCT_BUNDLE_IDENTIFIER = "com.Rantlab.$(PRODUCT_NAME:rfc1034identifier)";
				PRODUCT_NAME = "$(TARGET_NAME)";
			};
			name = Debug;
		};
		D3F2D1A61A2A5656004E3DDC /* Release */ = {
			isa = XCBuildConfiguration;
			buildSettings = {
				ASSETCATALOG_COMPILER_APPICON_NAME = AppIcon;
				COMBINE_HIDPI_IMAGES = YES;
				INFOPLIST_FILE = Unpacker/Info.plist;
				LD_RUNPATH_SEARCH_PATHS = "$(inherited) @executable_path/../Frameworks";
				MACOSX_DEPLOYMENT_TARGET = 10.10;
				PRODUCT_BUNDLE_IDENTIFIER = "com.Rantlab.$(PRODUCT_NAME:rfc1034identifier)";
				PRODUCT_NAME = "$(TARGET_NAME)";
			};
			name = Release;
		};
/* End XCBuildConfiguration section */

/* Begin XCConfigurationList section */
		D365F97019BD22B600160701 /* Build configuration list for PBXProject "SwiftPack" */ = {
			isa = XCConfigurationList;
			buildConfigurations = (
				D365F98F19BD22B600160701 /* Debug */,
				D365F99019BD22B600160701 /* Release */,
			);
			defaultConfigurationIsVisible = 0;
			defaultConfigurationName = Release;
		};
		D365F9B819BD268500160701 /* Build configuration list for PBXNativeTarget "SwiftPack" */ = {
			isa = XCConfigurationList;
			buildConfigurations = (
				D365F9B919BD268500160701 /* Debug */,
				D365F9BA19BD268500160701 /* Release */,
			);
			defaultConfigurationIsVisible = 0;
			defaultConfigurationName = Release;
		};
		D37D778719BD2D6C0066F982 /* Build configuration list for PBXNativeTarget "SwiftPackTests" */ = {
			isa = XCConfigurationList;
			buildConfigurations = (
				D37D778519BD2D6C0066F982 /* Debug */,
				D37D778619BD2D6C0066F982 /* Release */,
			);
			defaultConfigurationIsVisible = 0;
			defaultConfigurationName = Release;
		};
		D3F2D1A41A2A5656004E3DDC /* Build configuration list for PBXNativeTarget "Unpacker" */ = {
			isa = XCConfigurationList;
			buildConfigurations = (
				D3F2D1A51A2A5656004E3DDC /* Debug */,
				D3F2D1A61A2A5656004E3DDC /* Release */,
			);
			defaultConfigurationIsVisible = 0;
			defaultConfigurationName = Release;
		};
/* End XCConfigurationList section */
	};
	rootObject = D365F96D19BD22B600160701 /* Project object */;
}
